
Microsoft Visual Studio Solution File, Format Version 12.00
# Visual Studio Version 17
VisualStudioVersion = 17.4.33213.308
MinimumVisualStudioVersion = 10.0.40219.1
Project("{FAE04EC0-301F-11D3-BF4B-00C04F79EFBC}") = "Task17Subtask1", "Task17Subtask1\Task17Subtask1.csproj", "{4AD0E21B-E9A7-464E-84CA-555ADA0FA95A}"
EndProject
Global
	GlobalSection(SolutionConfigurationPlatforms) = preSolution
		Debug|Any CPU = Debug|Any CPU
		Release|Any CPU = Release|Any CPU
	EndGlobalSection
	GlobalSection(ProjectConfigurationPlatforms) = postSolution
		{4AD0E21B-E9A7-464E-84CA-555ADA0FA95A}.Debug|Any CPU.ActiveCfg = Debug|Any CPU
		{4AD0E21B-E9A7-464E-84CA-555ADA0FA95A}.Debug|Any CPU.Build.0 = Debug|Any CPU
		{4AD0E21B-E9A7-464E-84CA-555ADA0FA95A}.Release|Any CPU.ActiveCfg = Release|Any CPU
		{4AD0E21B-E9A7-464E-84CA-555ADA0FA95A}.Release|Any CPU.Build.0 = Release|Any CPU
	EndGlobalSection
	GlobalSection(SolutionProperties) = preSolution
		HideSolutionNode = FALSE
	EndGlobalSection
	GlobalSection(ExtensibilityGlobals) = postSolution
		SolutionGuid = {453E82ED-3329-4351-B9BC-C0A56DDA77DC}
	EndGlobalSection
EndGlobal
